
Microsoft Visual Studio Solution File, Format Version 12.00
# Visual Studio Version 17
VisualStudioVersion = 17.14.36221.1 d17.14
MinimumVisualStudioVersion = 10.0.40219.1
Project("{FAE04EC0-301F-11D3-BF4B-00C04F79EFBC}") = "ConsoleAppCallAPIs", "ConsoleAppCallAPIs.csproj", "{7B750521-E675-E0F1-9CF1-64BC0399DBF1}"
EndProject
Global
	GlobalSection(SolutionConfigurationPlatforms) = preSolution
		Debug|Any CPU = Debug|Any CPU
		Release|Any CPU = Release|Any CPU
	EndGlobalSection
	GlobalSection(ProjectConfigurationPlatforms) = postSolution
		{7B750521-E675-E0F1-9CF1-64BC0399DBF1}.Debug|Any CPU.ActiveCfg = Debug|Any CPU
		{7B750521-E675-E0F1-9CF1-64BC0399DBF1}.Debug|Any CPU.Build.0 = Debug|Any CPU
		{7B750521-E675-E0F1-9CF1-64BC0399DBF1}.Release|Any CPU.ActiveCfg = Release|Any CPU
		{7B750521-E675-E0F1-9CF1-64BC0399DBF1}.Release|Any CPU.Build.0 = Release|Any CPU
	EndGlobalSection
	GlobalSection(SolutionProperties) = preSolution
		HideSolutionNode = FALSE
	EndGlobalSection
	GlobalSection(ExtensibilityGlobals) = postSolution
		SolutionGuid = {E9C1ADE4-CD6E-45AF-A9DA-BB8F976E880D}
	EndGlobalSection
EndGlobal
